
Microsoft Visual Studio Solution File, Format Version 12.00
# Visual Studio Version 18
VisualStudioVersion = 18.1.11312.151 d18.0
MinimumVisualStudioVersion = 10.0.40219.1
Project("{FAE04EC0-301F-11D3-BF4B-00C04F79EFBC}") = "ConsolidateEmailInvoices", "ConsolidateEmailInvoices\ConsolidateEmailInvoices.csproj", "{C6B88974-A2A0-B7B3-D3AC-C640933EE817}"
EndProject
Project("{FAE04EC0-301F-11D3-BF4B-00C04F79EFBC}") = "Email.Attachments", "Email.Attachments\Email.Attachments.csproj", "{CD81E556-1DDB-4DC1-B7EF-6B43693417A9}"
EndProject
Global
	GlobalSection(SolutionConfigurationPlatforms) = preSolution
		Debug|Any CPU = Debug|Any CPU
		Release|Any CPU = Release|Any CPU
	EndGlobalSection
	GlobalSection(ProjectConfigurationPlatforms) = postSolution
		{C6B88974-A2A0-B7B3-D3AC-C640933EE817}.Debug|Any CPU.ActiveCfg = Debug|Any CPU
		{C6B88974-A2A0-B7B3-D3AC-C640933EE817}.Debug|Any CPU.Build.0 = Debug|Any CPU
		{C6B88974-A2A0-B7B3-D3AC-C640933EE817}.Release|Any CPU.ActiveCfg = Release|Any CPU
		{C6B88974-A2A0-B7B3-D3AC-C640933EE817}.Release|Any CPU.Build.0 = Release|Any CPU
		{CD81E556-1DDB-4DC1-B7EF-6B43693417A9}.Debug|Any CPU.ActiveCfg = Debug|Any CPU
		{CD81E556-1DDB-4DC1-B7EF-6B43693417A9}.Debug|Any CPU.Build.0 = Debug|Any CPU
		{CD81E556-1DDB-4DC1-B7EF-6B43693417A9}.Release|Any CPU.ActiveCfg = Release|Any CPU
		{CD81E556-1DDB-4DC1-B7EF-6B43693417A9}.Release|Any CPU.Build.0 = Release|Any CPU
	EndGlobalSection
	GlobalSection(SolutionProperties) = preSolution
		HideSolutionNode = FALSE
	EndGlobalSection
	GlobalSection(ExtensibilityGlobals) = postSolution
		SolutionGuid = {1DD3CAEB-83C2-47FB-BA8B-3A9A7BA1723E}
	EndGlobalSection
EndGlobal
